// !$*UTF8*$!
{
	archiveVersion = 1;
	classes = {
	};
	objectVersion = 56;
	objects = {

/* Begin PBXBuildFile section */
		A31A10502ABE0C78009A6747 /* CustomCircleView.swift in Sources */ = {isa = PBXBuildFile; fileRef = A31A104F2ABE0C78009A6747 /* CustomCircleView.swift */; };
		A31A10542ABE2302009A6747 /* MotionAnimationView.swift in Sources */ = {isa = PBXBuildFile; fileRef = A31A10532ABE2302009A6747 /* MotionAnimationView.swift */; };
		A32A408A2AB598A500091913 /* HikeApp.swift in Sources */ = {isa = PBXBuildFile; fileRef = A32A40892AB598A500091913 /* HikeApp.swift */; };
		A32A408C2AB598A500091913 /* ContentView.swift in Sources */ = {isa = PBXBuildFile; fileRef = A32A408B2AB598A500091913 /* ContentView.swift */; };
		A32A408E2AB598A800091913 /* Assets.xcassets in Resources */ = {isa = PBXBuildFile; fileRef = A32A408D2AB598A800091913 /* Assets.xcassets */; };
		A32A40912AB598A800091913 /* Preview Assets.xcassets in Resources */ = {isa = PBXBuildFile; fileRef = A32A40902AB598A800091913 /* Preview Assets.xcassets */; };
		A39CBDB12AC8678500441A99 /* CustomListRowView.swift in Sources */ = {isa = PBXBuildFile; fileRef = A39CBDB02AC8678500441A99 /* CustomListRowView.swift */; };
		A3AEC19C2AB59E2500D359D6 /* CardView.swift in Sources */ = {isa = PBXBuildFile; fileRef = A3AEC19B2AB59E2500D359D6 /* CardView.swift */; };
		A3AEC19F2AB5A05800D359D6 /* CustomBackgroundView.swift in Sources */ = {isa = PBXBuildFile; fileRef = A3AEC19E2AB5A05800D359D6 /* CustomBackgroundView.swift */; };
		A3AEC1A22AB5A40C00D359D6 /* ColorExtension.swift in Sources */ = {isa = PBXBuildFile; fileRef = A3AEC1A12AB5A40C00D359D6 /* ColorExtension.swift */; };
		A3D6E7442AB8B46400B40F8D /* CustomButtonView.swift in Sources */ = {isa = PBXBuildFile; fileRef = A3D6E7432AB8B46400B40F8D /* CustomButtonView.swift */; };
		A3DC7E9E2AC1F0EE00239B45 /* SettingsView.swift in Sources */ = {isa = PBXBuildFile; fileRef = A3DC7E9D2AC1F0EE00239B45 /* SettingsView.swift */; };
		A3F648122ABCC54800073D18 /* GradientButtonStyle.swift in Sources */ = {isa = PBXBuildFile; fileRef = A3F648112ABCC54800073D18 /* GradientButtonStyle.swift */; };
/* End PBXBuildFile section */

/* Begin PBXFileReference section */
		A31A104F2ABE0C78009A6747 /* CustomCircleView.swift */ = {isa = PBXFileReference; lastKnownFileType = sourcecode.swift; path = CustomCircleView.swift; sourceTree = "<group>"; };
		A31A10532ABE2302009A6747 /* MotionAnimationView.swift */ = {isa = PBXFileReference; lastKnownFileType = sourcecode.swift; path = MotionAnimationView.swift; sourceTree = "<group>"; };
		A32A40862AB598A500091913 /* Hike.app */ = {isa = PBXFileReference; explicitFileType = wrapper.application; includeInIndex = 0; path = Hike.app; sourceTree = BUILT_PRODUCTS_DIR; };
		A32A40892AB598A500091913 /* HikeApp.swift */ = {isa = PBXFileReference; lastKnownFileType = sourcecode.swift; path = HikeApp.swift; sourceTree = "<group>"; };
		A32A408B2AB598A500091913 /* ContentView.swift */ = {isa = PBXFileReference; lastKnownFileType = sourcecode.swift; name = ContentView.swift; path = ../../../../Completed/Hike/Hike/Screen/ContentView.swift; sourceTree = "<group>"; };
		A32A408D2AB598A800091913 /* Assets.xcassets */ = {isa = PBXFileReference; lastKnownFileType = folder.assetcatalog; path = Assets.xcassets; sourceTree = "<group>"; };
		A32A40902AB598A800091913 /* Preview Assets.xcassets */ = {isa = PBXFileReference; lastKnownFileType = folder.assetcatalog; path = "Preview Assets.xcassets"; sourceTree = "<group>"; };
		A39CBDB02AC8678500441A99 /* CustomListRowView.swift */ = {isa = PBXFileReference; lastKnownFileType = sourcecode.swift; path = CustomListRowView.swift; sourceTree = "<group>"; };
		A3AEC19B2AB59E2500D359D6 /* CardView.swift */ = {isa = PBXFileReference; lastKnownFileType = sourcecode.swift; path = CardView.swift; sourceTree = "<group>"; };
		A3AEC19E2AB5A05800D359D6 /* CustomBackgroundView.swift */ = {isa = PBXFileReference; lastKnownFileType = sourcecode.swift; path = CustomBackgroundView.swift; sourceTree = "<group>"; };
		A3AEC1A12AB5A40C00D359D6 /* ColorExtension.swift */ = {isa = PBXFileReference; lastKnownFileType = sourcecode.swift; path = ColorExtension.swift; sourceTree = "<group>"; };
		A3D6E7432AB8B46400B40F8D /* CustomButtonView.swift */ = {isa = PBXFileReference; lastKnownFileType = sourcecode.swift; path = CustomButtonView.swift; sourceTree = "<group>"; };
		A3DC7E9D2AC1F0EE00239B45 /* SettingsView.swift */ = {isa = PBXFileReference; lastKnownFileType = sourcecode.swift; path = SettingsView.swift; sourceTree = "<group>"; };
		A3F648112ABCC54800073D18 /* GradientButtonStyle.swift */ = {isa = PBXFileReference; lastKnownFileType = sourcecode.swift; path = GradientButtonStyle.swift; sourceTree = "<group>"; };
/* End PBXFileReference section */

/* Begin PBXFrameworksBuildPhase section */
		A32A40832AB598A500091913 /* Frameworks */ = {
			isa = PBXFrameworksBuildPhase;
			buildActionMask = 2147483647;
			files = (
			);
			runOnlyForDeploymentPostprocessing = 0;
		};
/* End PBXFrameworksBuildPhase section */

/* Begin PBXGroup section */
		A32A407D2AB598A500091913 = {
			isa = PBXGroup;
			children = (
				A32A40882AB598A500091913 /* Hike */,
				A32A40872AB598A500091913 /* Products */,
			);
			sourceTree = "<group>";
		};
		A32A40872AB598A500091913 /* Products */ = {
			isa = PBXGroup;
			children = (
				A32A40862AB598A500091913 /* Hike.app */,
			);
			name = Products;
			sourceTree = "<group>";
		};
		A32A40882AB598A500091913 /* Hike */ = {
			isa = PBXGroup;
			children = (
				A3AEC1A02AB5A3CC00D359D6 /* utility */,
				A3AEC19D2AB5A00F00D359D6 /* Component */,
				A32A40892AB598A500091913 /* HikeApp.swift */,
				A3DC7E962AC1ED9600239B45 /* Screen */,
				A32A408D2AB598A800091913 /* Assets.xcassets */,
				A32A408F2AB598A800091913 /* Preview Content */,
			);
			path = Hike;
			sourceTree = "<group>";
		};
		A32A408F2AB598A800091913 /* Preview Content */ = {
			isa = PBXGroup;
			children = (
				A32A40902AB598A800091913 /* Preview Assets.xcassets */,
			);
			path = "Preview Content";
			sourceTree = "<group>";
		};
		A3AEC19D2AB5A00F00D359D6 /* Component */ = {
			isa = PBXGroup;
			children = (
				A3AEC19B2AB59E2500D359D6 /* CardView.swift */,
				A3AEC19E2AB5A05800D359D6 /* CustomBackgroundView.swift */,
				A3D6E7432AB8B46400B40F8D /* CustomButtonView.swift */,
				A31A104F2ABE0C78009A6747 /* CustomCircleView.swift */,
				A31A10532ABE2302009A6747 /* MotionAnimationView.swift */,
				A39CBDB02AC8678500441A99 /* CustomListRowView.swift */,
			);
			path = Component;
			sourceTree = "<group>";
		};
		A3AEC1A02AB5A3CC00D359D6 /* utility */ = {
			isa = PBXGroup;
			children = (
				A3AEC1A12AB5A40C00D359D6 /* ColorExtension.swift */,
				A3F648112ABCC54800073D18 /* GradientButtonStyle.swift */,
			);
			path = utility;
			sourceTree = "<group>";
		};
		A3DC7E962AC1ED9600239B45 /* Screen */ = {
			isa = PBXGroup;
			children = (
				A32A408B2AB598A500091913 /* ContentView.swift */,
				A3DC7E9D2AC1F0EE00239B45 /* SettingsView.swift */,
			);
			path = Screen;
			sourceTree = "<group>";
		};
/* End PBXGroup section */

/* Begin PBXNativeTarget section */
		A32A40852AB598A500091913 /* Hike */ = {
			isa = PBXNativeTarget;
			buildConfigurationList = A32A40942AB598A800091913 /* Build configuration list for PBXNativeTarget "Hike" */;
			buildPhases = (
				A32A40822AB598A500091913 /* Sources */,
				A32A40832AB598A500091913 /* Frameworks */,
				A32A40842AB598A500091913 /* Resources */,
			);
			buildRules = (
			);
			dependencies = (
			);
			name = Hike;
			productName = Hike;
			productReference = A32A40862AB598A500091913 /* Hike.app */;
			productType = "com.apple.product-type.application";
		};
/* End PBXNativeTarget section */

/* Begin PBXProject section */
		A32A407E2AB598A500091913 /* Project object */ = {
			isa = PBXProject;
			attributes = {
				BuildIndependentTargetsInParallel = 1;
				LastSwiftUpdateCheck = 1430;
				LastUpgradeCheck = 1430;
				TargetAttributes = {
					A32A40852AB598A500091913 = {
						CreatedOnToolsVersion = 14.3.1;
					};
				};
			};
			buildConfigurationList = A32A40812AB598A500091913 /* Build configuration list for PBXProject "Hike" */;
			compatibilityVersion = "Xcode 14.0";
			developmentRegion = en;
			hasScannedForEncodings = 0;
			knownRegions = (
				en,
				Base,
			);
			mainGroup = A32A407D2AB598A500091913;
			productRefGroup = A32A40872AB598A500091913 /* Products */;
			projectDirPath = "";
			projectRoot = "";
			targets = (
				A32A40852AB598A500091913 /* Hike */,
			);
		};
/* End PBXProject section */

/* Begin PBXResourcesBuildPhase section */
		A32A40842AB598A500091913 /* Resources */ = {
			isa = PBXResourcesBuildPhase;
			buildActionMask = 2147483647;
			files = (
				A32A40912AB598A800091913 /* Preview Assets.xcassets in Resources */,
				A32A408E2AB598A800091913 /* Assets.xcassets in Resources */,
			);
			runOnlyForDeploymentPostprocessing = 0;
		};
/* End PBXResourcesBuildPhase section */

/* Begin PBXSourcesBuildPhase section */
		A32A40822AB598A500091913 /* Sources */ = {
			isa = PBXSourcesBuildPhase;
			buildActionMask = 2147483647;
			files = (
				A32A408C2AB598A500091913 /* ContentView.swift in Sources */,
				A31A10502ABE0C78009A6747 /* CustomCircleView.swift in Sources */,
				A39CBDB12AC8678500441A99 /* CustomListRowView.swift in Sources */,
				A3AEC19C2AB59E2500D359D6 /* CardView.swift in Sources */,
				A32A408A2AB598A500091913 /* HikeApp.swift in Sources */,
				A3D6E7442AB8B46400B40F8D /* CustomButtonView.swift in Sources */,
				A3DC7E9E2AC1F0EE00239B45 /* SettingsView.swift in Sources */,
				A3F648122ABCC54800073D18 /* GradientButtonStyle.swift in Sources */,
				A31A10542ABE2302009A6747 /* MotionAnimationView.swift in Sources */,
				A3AEC19F2AB5A05800D359D6 /* CustomBackgroundView.swift in Sources */,
				A3AEC1A22AB5A40C00D359D6 /* ColorExtension.swift in Sources */,
			);
			runOnlyForDeploymentPostprocessing = 0;
		};
/* End PBXSourcesBuildPhase section */

/* Begin XCBuildConfiguration section */
		A32A40922AB598A800091913 /* Debug */ = {
			isa = XCBuildConfiguration;
			buildSettings = {
				ALWAYS_SEARCH_USER_PATHS = NO;
				CLANG_ANALYZER_NONNULL = YES;
				CLANG_ANALYZER_NUMBER_OBJECT_CONVERSION = YES_AGGRESSIVE;
				CLANG_CXX_LANGUAGE_STANDARD = "gnu++20";
				CLANG_ENABLE_MODULES = YES;
				CLANG_ENABLE_OBJC_ARC = YES;
				CLANG_ENABLE_OBJC_WEAK = YES;
				CLANG_WARN_BLOCK_CAPTURE_AUTORELEASING = YES;
				CLANG_WARN_BOOL_CONVERSION = YES;
				CLANG_WARN_COMMA = YES;
				CLANG_WARN_CONSTANT_CONVERSION = YES;
				CLANG_WARN_DEPRECATED_OBJC_IMPLEMENTATIONS = YES;
				CLANG_WARN_DIRECT_OBJC_ISA_USAGE = YES_ERROR;
				CLANG_WARN_DOCUMENTATION_COMMENTS = YES;
				CLANG_WARN_EMPTY_BODY = YES;
				CLANG_WARN_ENUM_CONVERSION = YES;
				CLANG_WARN_INFINITE_RECURSION = YES;
				CLANG_WARN_INT_CONVERSION = YES;
				CLANG_WARN_NON_LITERAL_NULL_CONVERSION = YES;
				CLANG_WARN_OBJC_IMPLICIT_RETAIN_SELF = YES;
				CLANG_WARN_OBJC_LITERAL_CONVERSION = YES;
				CLANG_WARN_OBJC_ROOT_CLASS = YES_ERROR;
				CLANG_WARN_QUOTED_INCLUDE_IN_FRAMEWORK_HEADER = YES;
				CLANG_WARN_RANGE_LOOP_ANALYSIS = YES;
				CLANG_WARN_STRICT_PROTOTYPES = YES;
				CLANG_WARN_SUSPICIOUS_MOVE = YES;
				CLANG_WARN_UNGUARDED_AVAILABILITY = YES_AGGRESSIVE;
				CLANG_WARN_UNREACHABLE_CODE = YES;
				CLANG_WARN__DUPLICATE_METHOD_MATCH = YES;
				COPY_PHASE_STRIP = NO;
				DEBUG_INFORMATION_FORMAT = dwarf;
				ENABLE_STRICT_OBJC_MSGSEND = YES;
				ENABLE_TESTABILITY = YES;
				GCC_C_LANGUAGE_STANDARD = gnu11;
				GCC_DYNAMIC_NO_PIC = NO;
				GCC_NO_COMMON_BLOCKS = YES;
				GCC_OPTIMIZATION_LEVEL = 0;
				GCC_PREPROCESSOR_DEFINITIONS = (
					"DEBUG=1",
					"$(inherited)",
				);
				GCC_WARN_64_TO_32_BIT_CONVERSION = YES;
				GCC_WARN_ABOUT_RETURN_TYPE = YES_ERROR;
				GCC_WARN_UNDECLARED_SELECTOR = YES;
				GCC_WARN_UNINITIALIZED_AUTOS = YES_AGGRESSIVE;
				GCC_WARN_UNUSED_FUNCTION = YES;
				GCC_WARN_UNUSED_VARIABLE = YES;
				MTL_ENABLE_DEBUG_INFO = INCLUDE_SOURCE;
				MTL_FAST_MATH = YES;
				ONLY_ACTIVE_ARCH = YES;
				SDKROOT = appletvos;
				SWIFT_ACTIVE_COMPILATION_CONDITIONS = DEBUG;
				SWIFT_OPTIMIZATION_LEVEL = "-Onone";
				TVOS_DEPLOYMENT_TARGET = 16.4;
			};
			name = Debug;
		};
		A32A40932AB598A800091913 /* Release */ = {
			isa = XCBuildConfiguration;
			buildSettings = {
				ALWAYS_SEARCH_USER_PATHS = NO;
				CLANG_ANALYZER_NONNULL = YES;
				CLANG_ANALYZER_NUMBER_OBJECT_CONVERSION = YES_AGGRESSIVE;
				CLANG_CXX_LANGUAGE_STANDARD = "gnu++20";
				CLANG_ENABLE_MODULES = YES;
				CLANG_ENABLE_OBJC_ARC = YES;
				CLANG_ENABLE_OBJC_WEAK = YES;
				CLANG_WARN_BLOCK_CAPTURE_AUTORELEASING = YES;
				CLANG_WARN_BOOL_CONVERSION = YES;
				CLANG_WARN_COMMA = YES;
				CLANG_WARN_CONSTANT_CONVERSION = YES;
				CLANG_WARN_DEPRECATED_OBJC_IMPLEMENTATIONS = YES;
				CLANG_WARN_DIRECT_OBJC_ISA_USAGE = YES_ERROR;
				CLANG_WARN_DOCUMENTATION_COMMENTS = YES;
				CLANG_WARN_EMPTY_BODY = YES;
				CLANG_WARN_ENUM_CONVERSION = YES;
				CLANG_WARN_INFINITE_RECURSION = YES;
				CLANG_WARN_INT_CONVERSION = YES;
				CLANG_WARN_NON_LITERAL_NULL_CONVERSION = YES;
				CLANG_WARN_OBJC_IMPLICIT_RETAIN_SELF = YES;
				CLANG_WARN_OBJC_LITERAL_CONVERSION = YES;
				CLANG_WARN_OBJC_ROOT_CLASS = YES_ERROR;
				CLANG_WARN_QUOTED_INCLUDE_IN_FRAMEWORK_HEADER = YES;
				CLANG_WARN_RANGE_LOOP_ANALYSIS = YES;
				CLANG_WARN_STRICT_PROTOTYPES = YES;
				CLANG_WARN_SUSPICIOUS_MOVE = YES;
				CLANG_WARN_UNGUARDED_AVAILABILITY = YES_AGGRESSIVE;
				CLANG_WARN_UNREACHABLE_CODE = YES;
				CLANG_WARN__DUPLICATE_METHOD_MATCH = YES;
				COPY_PHASE_STRIP = NO;
				DEBUG_INFORMATION_FORMAT = "dwarf-with-dsym";
				ENABLE_NS_ASSERTIONS = NO;
				ENABLE_STRICT_OBJC_MSGSEND = YES;
				GCC_C_LANGUAGE_STANDARD = gnu11;
				GCC_NO_COMMON_BLOCKS = YES;
				GCC_WARN_64_TO_32_BIT_CONVERSION = YES;
				GCC_WARN_ABOUT_RETURN_TYPE = YES_ERROR;
				GCC_WARN_UNDECLARED_SELECTOR = YES;
				GCC_WARN_UNINITIALIZED_AUTOS = YES_AGGRESSIVE;
				GCC_WARN_UNUSED_FUNCTION = YES;
				GCC_WARN_UNUSED_VARIABLE = YES;
				MTL_ENABLE_DEBUG_INFO = NO;
				MTL_FAST_MATH = YES;
				SDKROOT = appletvos;
				SWIFT_COMPILATION_MODE = wholemodule;
				SWIFT_OPTIMIZATION_LEVEL = "-O";
				TVOS_DEPLOYMENT_TARGET = 16.4;
				VALIDATE_PRODUCT = YES;
			};
			name = Release;
		};
		A32A40952AB598A800091913 /* Debug */ = {
			isa = XCBuildConfiguration;
			buildSettings = {
				ASSETCATALOG_COMPILER_APPICON_NAME = AppIcon;
				ASSETCATALOG_COMPILER_GLOBAL_ACCENT_COLOR_NAME = AccentColor;
				CODE_SIGN_STYLE = Automatic;
				CURRENT_PROJECT_VERSION = 1;
				DEVELOPMENT_ASSET_PATHS = "\"Hike/Preview Content\"";
				ENABLE_PREVIEWS = YES;
				GENERATE_INFOPLIST_FILE = YES;
				INFOPLIST_KEY_UILaunchScreen_Generation = YES;
				INFOPLIST_KEY_UIUserInterfaceStyle = Automatic;
				LD_RUNPATH_SEARCH_PATHS = (
					"$(inherited)",
					"@executable_path/Frameworks",
				);
				MARKETING_VERSION = 1.0;
				PRODUCT_BUNDLE_IDENTIFIER = noha.Hike;
				PRODUCT_NAME = "$(TARGET_NAME)";
				SUPPORTED_PLATFORMS = "iphoneos iphonesimulator";
				SUPPORTS_MACCATALYST = NO;
				SUPPORTS_MAC_DESIGNED_FOR_IPHONE_IPAD = NO;
				SWIFT_EMIT_LOC_STRINGS = YES;
				SWIFT_VERSION = 5.0;
				TARGETED_DEVICE_FAMILY = 1;
			};
			name = Debug;
		};
		A32A40962AB598A800091913 /* Release */ = {
			isa = XCBuildConfiguration;
			buildSettings = {
				ASSETCATALOG_COMPILER_APPICON_NAME = AppIcon;
				ASSETCATALOG_COMPILER_GLOBAL_ACCENT_COLOR_NAME = AccentColor;
				CODE_SIGN_STYLE = Automatic;
				CURRENT_PROJECT_VERSION = 1;
				DEVELOPMENT_ASSET_PATHS = "\"Hike/Preview Content\"";
				ENABLE_PREVIEWS = YES;
				GENERATE_INFOPLIST_FILE = YES;
				INFOPLIST_KEY_UILaunchScreen_Generation = YES;
				INFOPLIST_KEY_UIUserInterfaceStyle = Automatic;
				LD_RUNPATH_SEARCH_PATHS = (
					"$(inherited)",
					"@executable_path/Frameworks",
				);
				MARKETING_VERSION = 1.0;
				PRODUCT_BUNDLE_IDENTIFIER = noha.Hike;
				PRODUCT_NAME = "$(TARGET_NAME)";
				SUPPORTED_PLATFORMS = "iphoneos iphonesimulator";
				SUPPORTS_MACCATALYST = NO;
				SUPPORTS_MAC_DESIGNED_FOR_IPHONE_IPAD = NO;
				SWIFT_EMIT_LOC_STRINGS = YES;
				SWIFT_VERSION = 5.0;
				TARGETED_DEVICE_FAMILY = 1;
			};
			name = Release;
		};
/* End XCBuildConfiguration section */

/* Begin XCConfigurationList section */
		A32A40812AB598A500091913 /* Build configuration list for PBXProject "Hike" */ = {
			isa = XCConfigurationList;
			buildConfigurations = (
				A32A40922AB598A800091913 /* Debug */,
				A32A40932AB598A800091913 /* Release */,
			);
			defaultConfigurationIsVisible = 0;
			defaultConfigurationName = Release;
		};
		A32A40942AB598A800091913 /* Build configuration list for PBXNativeTarget "Hike" */ = {
			isa = XCConfigurationList;
			buildConfigurations = (
				A32A40952AB598A800091913 /* Debug */,
				A32A40962AB598A800091913 /* Release */,
			);
			defaultConfigurationIsVisible = 0;
			defaultConfigurationName = Release;
		};
/* End XCConfigurationList section */
	};
	rootObject = A32A407E2AB598A500091913 /* Project object */;
}
